<?xml version="1.0" encoding="utf-8"?>
<Project ToolsVersion="4.0" xmlns="http://schemas.microsoft.com/developer/msbuild/2003">
  <ItemGroup>
    <ClCompile Include="stdafx.cpp" />
    <ClCompile Include="Logger.cpp">
      <Filter>Debug</Filter>
    </ClCompile>
    <ClCompile Include="DefaultAllocator.cpp">
      <Filter>Memory</Filter>
    </ClCompile>
    <ClCompile Include="Atomic.cpp">
      <Filter>Thread</Filter>
    </ClCompile>
    <ClCompile Include="Thread.cpp">
      <Filter>Thread</Filter>
    </ClCompile>
    <ClCompile Include="Sync.cpp">
      <Filter>Thread</Filter>
    </ClCompile>
    <ClCompile Include="Str.cpp">
      <Filter>Containers</Filter>
    </ClCompile>
  </ItemGroup>
  <ItemGroup>
    <ClInclude Include="stdafx.h" />
    <ClInclude Include="Platform.h">
      <Filter>Base</Filter>
    </ClInclude>
    <ClInclude Include="Macros.h">
      <Filter>Base</Filter>
    </ClInclude>
    <ClInclude Include="MinWindowsConfig.h">
      <Filter>Base</Filter>
    </ClInclude>
    <ClInclude Include="MinStdConfig.h">
      <Filter>Base</Filter>
    </ClInclude>
    <ClInclude Include="Base.h">
      <Filter>Base</Filter>
    </ClInclude>
    <ClInclude Include="InlineFunc.h">
      <Filter>Base</Filter>
    </ClInclude>
    <ClInclude Include="NonCopyable.h">
      <Filter>Template</Filter>
    </ClInclude>
    <ClInclude Include="Global.h">
      <Filter>Base</Filter>
    </ClInclude>
    <ClInclude Include="Logger.h">
      <Filter>Debug</Filter>
    </ClInclude>
    <ClInclude Include="Types.h">
      <Filter>Base</Filter>
    </ClInclude>
    <ClInclude Include="IAllocator.h">
      <Filter>Memory</Filter>
    </ClInclude>
    <ClInclude Include="DefaultAllocator.h">
      <Filter>Memory</Filter>
    </ClInclude>
    <ClInclude Include="Atomic.h">
      <Filter>Thread</Filter>
    </ClInclude>
    <ClInclude Include="Thread.h">
      <Filter>Thread</Filter>
    </ClInclude>
    <ClInclude Include="SimpleWindows.h">
      <Filter>Base</Filter>
    </ClInclude>
    <ClInclude Include="Sync.h">
      <Filter>Thread</Filter>
    </ClInclude>
    <ClInclude Include="Str.h">
      <Filter>Containers</Filter>
    </ClInclude>
  </ItemGroup>
  <ItemGroup>
    <Filter Include="Base">
      <UniqueIdentifier>{03653e33-cce4-47ca-8eb9-4cd03ffaa5e0}</UniqueIdentifier>
    </Filter>
    <Filter Include="Containers">
      <UniqueIdentifier>{4e8be2d0-793e-4146-a3bd-0053449119d1}</UniqueIdentifier>
    </Filter>
    <Filter Include="Template">
      <UniqueIdentifier>{a38abdc2-b25a-415e-a251-3a81ed5a4f58}</UniqueIdentifier>
    </Filter>
    <Filter Include="Memory">
      <UniqueIdentifier>{6880eb93-44d5-4429-918c-eb8e7e4e54a3}</UniqueIdentifier>
    </Filter>
    <Filter Include="Debug">
      <UniqueIdentifier>{3be04d7e-87a3-4be4-b629-c0c237277173}</UniqueIdentifier>
    </Filter>
    <Filter Include="Thread">
      <UniqueIdentifier>{8827884c-8ef0-483b-86c9-8df7776987cc}</UniqueIdentifier>
    </Filter>
  </ItemGroup>
</Project>