<?xml version="1.0" encoding="utf-8"?>
<Project ToolsVersion="4.0" xmlns="http://schemas.microsoft.com/developer/msbuild/2003">
  <ItemGroup>
    <ClCompile Include="stdafx.cpp" />
  </ItemGroup>
  <ItemGroup>
    <ClInclude Include="stdafx.h" />
    <ClInclude Include="Platform.h">
      <Filter>Base</Filter>
    </ClInclude>
    <ClInclude Include="Macros.h">
      <Filter>Base</Filter>
    </ClInclude>
    <ClInclude Include="MinWindowsConfig.h">
      <Filter>Base</Filter>
    </ClInclude>
    <ClInclude Include="MinStdConfig.h">
      <Filter>Base</Filter>
    </ClInclude>
    <ClInclude Include="Base.h">
      <Filter>Base</Filter>
    </ClInclude>
    <ClInclude Include="InlineFunc.h">
      <Filter>Base</Filter>
    </ClInclude>
    <ClInclude Include="NonCopyable.h">
      <Filter>Template</Filter>
    </ClInclude>
    <ClInclude Include="Global.h">
      <Filter>Base</Filter>
    </ClInclude>
  </ItemGroup>
  <ItemGroup>
    <Filter Include="Base">
      <UniqueIdentifier>{03653e33-cce4-47ca-8eb9-4cd03ffaa5e0}</UniqueIdentifier>
    </Filter>
    <Filter Include="Containers">
      <UniqueIdentifier>{4e8be2d0-793e-4146-a3bd-0053449119d1}</UniqueIdentifier>
    </Filter>
    <Filter Include="Template">
      <UniqueIdentifier>{a38abdc2-b25a-415e-a251-3a81ed5a4f58}</UniqueIdentifier>
    </Filter>
    <Filter Include="Memory">
      <UniqueIdentifier>{6880eb93-44d5-4429-918c-eb8e7e4e54a3}</UniqueIdentifier>
    </Filter>
  </ItemGroup>
</Project>